// !$*UTF8*$!
{
	archiveVersion = 1;
	classes = {
	};
	objectVersion = 56;
	objects = {

/* Begin PBXBuildFile section */
		2B4A0D8029A5DB94000E2448 /* AppDelegate.swift in Sources */ = {isa = PBXBuildFile; fileRef = 2B4A0D7F29A5DB94000E2448 /* AppDelegate.swift */; };
		2B4A0D8229A5DB94000E2448 /* SceneDelegate.swift in Sources */ = {isa = PBXBuildFile; fileRef = 2B4A0D8129A5DB94000E2448 /* SceneDelegate.swift */; };
		2B4A0D8429A5DB94000E2448 /* ViewController.swift in Sources */ = {isa = PBXBuildFile; fileRef = 2B4A0D8329A5DB94000E2448 /* ViewController.swift */; };
		2B4A0D8729A5DB95000E2448 /* Main.storyboard in Resources */ = {isa = PBXBuildFile; fileRef = 2B4A0D8529A5DB95000E2448 /* Main.storyboard */; };
		2B4A0D8929A5DB97000E2448 /* Assets.xcassets in Resources */ = {isa = PBXBuildFile; fileRef = 2B4A0D8829A5DB97000E2448 /* Assets.xcassets */; };
		2B4A0D8C29A5DB97000E2448 /* LaunchScreen.storyboard in Resources */ = {isa = PBXBuildFile; fileRef = 2B4A0D8A29A5DB97000E2448 /* LaunchScreen.storyboard */; };
		2BF7643C29A773120091DC9C /* ServerListener.swift in Sources */ = {isa = PBXBuildFile; fileRef = 2BF7643B29A773120091DC9C /* ServerListener.swift */; };
		2BF7643E29A773450091DC9C /* ClientListener.swift in Sources */ = {isa = PBXBuildFile; fileRef = 2BF7643D29A773450091DC9C /* ClientListener.swift */; };
		2BF7644029A775DC0091DC9C /* Connection.swift in Sources */ = {isa = PBXBuildFile; fileRef = 2BF7643F29A775DC0091DC9C /* Connection.swift */; };
		2BF7644429A7EA920091DC9C /* Extensions.swift in Sources */ = {isa = PBXBuildFile; fileRef = 2BF7644329A7EA920091DC9C /* Extensions.swift */; };
		2BF7644C29ABB9390091DC9C /* Protocols.swift in Sources */ = {isa = PBXBuildFile; fileRef = 2BF7644B29ABB9390091DC9C /* Protocols.swift */; };
		2BF7644E29ABBAD20091DC9C /* Browser.swift in Sources */ = {isa = PBXBuildFile; fileRef = 2BF7644D29ABBAD20091DC9C /* Browser.swift */; };
		2BF7645029ABBE7F0091DC9C /* ViewController+Client.swift in Sources */ = {isa = PBXBuildFile; fileRef = 2BF7644F29ABBE7F0091DC9C /* ViewController+Client.swift */; };
		2BF7645229ABBEB30091DC9C /* ViewController+Server.swift in Sources */ = {isa = PBXBuildFile; fileRef = 2BF7645129ABBEB30091DC9C /* ViewController+Server.swift */; };
/* End PBXBuildFile section */

/* Begin PBXFileReference section */
		2B4A0D7C29A5DB94000E2448 /* TMSDemo.app */ = {isa = PBXFileReference; explicitFileType = wrapper.application; includeInIndex = 0; path = TMSDemo.app; sourceTree = BUILT_PRODUCTS_DIR; };
		2B4A0D7F29A5DB94000E2448 /* AppDelegate.swift */ = {isa = PBXFileReference; lastKnownFileType = sourcecode.swift; path = AppDelegate.swift; sourceTree = "<group>"; };
		2B4A0D8129A5DB94000E2448 /* SceneDelegate.swift */ = {isa = PBXFileReference; lastKnownFileType = sourcecode.swift; path = SceneDelegate.swift; sourceTree = "<group>"; };
		2B4A0D8329A5DB94000E2448 /* ViewController.swift */ = {isa = PBXFileReference; lastKnownFileType = sourcecode.swift; path = ViewController.swift; sourceTree = "<group>"; };
		2B4A0D8629A5DB95000E2448 /* Base */ = {isa = PBXFileReference; lastKnownFileType = file.storyboard; name = Base; path = Base.lproj/Main.storyboard; sourceTree = "<group>"; };
		2B4A0D8829A5DB97000E2448 /* Assets.xcassets */ = {isa = PBXFileReference; lastKnownFileType = folder.assetcatalog; path = Assets.xcassets; sourceTree = "<group>"; };
		2B4A0D8B29A5DB97000E2448 /* Base */ = {isa = PBXFileReference; lastKnownFileType = file.storyboard; name = Base; path = Base.lproj/LaunchScreen.storyboard; sourceTree = "<group>"; };
		2B4A0D8D29A5DB97000E2448 /* Info.plist */ = {isa = PBXFileReference; lastKnownFileType = text.plist.xml; path = Info.plist; sourceTree = "<group>"; };
		2BF7643B29A773120091DC9C /* ServerListener.swift */ = {isa = PBXFileReference; lastKnownFileType = sourcecode.swift; path = ServerListener.swift; sourceTree = "<group>"; };
		2BF7643D29A773450091DC9C /* ClientListener.swift */ = {isa = PBXFileReference; lastKnownFileType = sourcecode.swift; path = ClientListener.swift; sourceTree = "<group>"; };
		2BF7643F29A775DC0091DC9C /* Connection.swift */ = {isa = PBXFileReference; lastKnownFileType = sourcecode.swift; path = Connection.swift; sourceTree = "<group>"; };
		2BF7644329A7EA920091DC9C /* Extensions.swift */ = {isa = PBXFileReference; lastKnownFileType = sourcecode.swift; path = Extensions.swift; sourceTree = "<group>"; };
		2BF7644B29ABB9390091DC9C /* Protocols.swift */ = {isa = PBXFileReference; lastKnownFileType = sourcecode.swift; path = Protocols.swift; sourceTree = "<group>"; };
		2BF7644D29ABBAD20091DC9C /* Browser.swift */ = {isa = PBXFileReference; lastKnownFileType = sourcecode.swift; path = Browser.swift; sourceTree = "<group>"; };
		2BF7644F29ABBE7F0091DC9C /* ViewController+Client.swift */ = {isa = PBXFileReference; lastKnownFileType = sourcecode.swift; path = "ViewController+Client.swift"; sourceTree = "<group>"; };
		2BF7645129ABBEB30091DC9C /* ViewController+Server.swift */ = {isa = PBXFileReference; lastKnownFileType = sourcecode.swift; path = "ViewController+Server.swift"; sourceTree = "<group>"; };
/* End PBXFileReference section */

/* Begin PBXFrameworksBuildPhase section */
		2B4A0D7929A5DB94000E2448 /* Frameworks */ = {
			isa = PBXFrameworksBuildPhase;
			buildActionMask = 2147483647;
			files = (
			);
			runOnlyForDeploymentPostprocessing = 0;
		};
/* End PBXFrameworksBuildPhase section */

/* Begin PBXGroup section */
		2B4A0D7329A5DB94000E2448 = {
			isa = PBXGroup;
			children = (
				2B4A0D7E29A5DB94000E2448 /* TMSDemo */,
				2B4A0D7D29A5DB94000E2448 /* Products */,
			);
			sourceTree = "<group>";
		};
		2B4A0D7D29A5DB94000E2448 /* Products */ = {
			isa = PBXGroup;
			children = (
				2B4A0D7C29A5DB94000E2448 /* TMSDemo.app */,
			);
			name = Products;
			sourceTree = "<group>";
		};
		2B4A0D7E29A5DB94000E2448 /* TMSDemo */ = {
			isa = PBXGroup;
			children = (
				2BF7643A29A772D90091DC9C /* Connections */,
				2B4A0D7F29A5DB94000E2448 /* AppDelegate.swift */,
				2B4A0D8129A5DB94000E2448 /* SceneDelegate.swift */,
				2B4A0D8329A5DB94000E2448 /* ViewController.swift */,
				2BF7644F29ABBE7F0091DC9C /* ViewController+Client.swift */,
				2BF7645129ABBEB30091DC9C /* ViewController+Server.swift */,
				2B4A0D8529A5DB95000E2448 /* Main.storyboard */,
				2B4A0D8829A5DB97000E2448 /* Assets.xcassets */,
				2B4A0D8A29A5DB97000E2448 /* LaunchScreen.storyboard */,
				2B4A0D8D29A5DB97000E2448 /* Info.plist */,
			);
			path = TMSDemo;
			sourceTree = "<group>";
		};
		2BF7643A29A772D90091DC9C /* Connections */ = {
			isa = PBXGroup;
			children = (
				2BF7643B29A773120091DC9C /* ServerListener.swift */,
				2BF7643D29A773450091DC9C /* ClientListener.swift */,
				2BF7643F29A775DC0091DC9C /* Connection.swift */,
				2BF7644329A7EA920091DC9C /* Extensions.swift */,
				2BF7644B29ABB9390091DC9C /* Protocols.swift */,
				2BF7644D29ABBAD20091DC9C /* Browser.swift */,
			);
			path = Connections;
			sourceTree = "<group>";
		};
/* End PBXGroup section */

/* Begin PBXNativeTarget section */
		2B4A0D7B29A5DB94000E2448 /* TMSDemo */ = {
			isa = PBXNativeTarget;
			buildConfigurationList = 2B4A0D9029A5DB97000E2448 /* Build configuration list for PBXNativeTarget "TMSDemo" */;
			buildPhases = (
				2B4A0D7829A5DB94000E2448 /* Sources */,
				2B4A0D7929A5DB94000E2448 /* Frameworks */,
				2B4A0D7A29A5DB94000E2448 /* Resources */,
			);
			buildRules = (
			);
			dependencies = (
			);
			name = TMSDemo;
			productName = TMSDemo;
			productReference = 2B4A0D7C29A5DB94000E2448 /* TMSDemo.app */;
			productType = "com.apple.product-type.application";
		};
/* End PBXNativeTarget section */

/* Begin PBXProject section */
		2B4A0D7429A5DB94000E2448 /* Project object */ = {
			isa = PBXProject;
			attributes = {
				BuildIndependentTargetsInParallel = 1;
				LastSwiftUpdateCheck = 1420;
				LastUpgradeCheck = 1420;
				TargetAttributes = {
					2B4A0D7B29A5DB94000E2448 = {
						CreatedOnToolsVersion = 14.2;
					};
				};
			};
			buildConfigurationList = 2B4A0D7729A5DB94000E2448 /* Build configuration list for PBXProject "TMSDemo" */;
			compatibilityVersion = "Xcode 14.0";
			developmentRegion = en;
			hasScannedForEncodings = 0;
			knownRegions = (
				en,
				Base,
			);
			mainGroup = 2B4A0D7329A5DB94000E2448;
			productRefGroup = 2B4A0D7D29A5DB94000E2448 /* Products */;
			projectDirPath = "";
			projectRoot = "";
			targets = (
				2B4A0D7B29A5DB94000E2448 /* TMSDemo */,
			);
		};
/* End PBXProject section */

/* Begin PBXResourcesBuildPhase section */
		2B4A0D7A29A5DB94000E2448 /* Resources */ = {
			isa = PBXResourcesBuildPhase;
			buildActionMask = 2147483647;
			files = (
				2B4A0D8C29A5DB97000E2448 /* LaunchScreen.storyboard in Resources */,
				2B4A0D8929A5DB97000E2448 /* Assets.xcassets in Resources */,
				2B4A0D8729A5DB95000E2448 /* Main.storyboard in Resources */,
			);
			runOnlyForDeploymentPostprocessing = 0;
		};
/* End PBXResourcesBuildPhase section */

/* Begin PBXSourcesBuildPhase section */
		2B4A0D7829A5DB94000E2448 /* Sources */ = {
			isa = PBXSourcesBuildPhase;
			buildActionMask = 2147483647;
			files = (
				2B4A0D8429A5DB94000E2448 /* ViewController.swift in Sources */,
				2BF7645229ABBEB30091DC9C /* ViewController+Server.swift in Sources */,
				2BF7644029A775DC0091DC9C /* Connection.swift in Sources */,
				2BF7644E29ABBAD20091DC9C /* Browser.swift in Sources */,
				2BF7644429A7EA920091DC9C /* Extensions.swift in Sources */,
				2B4A0D8029A5DB94000E2448 /* AppDelegate.swift in Sources */,
				2BF7643C29A773120091DC9C /* ServerListener.swift in Sources */,
				2B4A0D8229A5DB94000E2448 /* SceneDelegate.swift in Sources */,
				2BF7645029ABBE7F0091DC9C /* ViewController+Client.swift in Sources */,
				2BF7643E29A773450091DC9C /* ClientListener.swift in Sources */,
				2BF7644C29ABB9390091DC9C /* Protocols.swift in Sources */,
			);
			runOnlyForDeploymentPostprocessing = 0;
		};
/* End PBXSourcesBuildPhase section */

/* Begin PBXVariantGroup section */
		2B4A0D8529A5DB95000E2448 /* Main.storyboard */ = {
			isa = PBXVariantGroup;
			children = (
				2B4A0D8629A5DB95000E2448 /* Base */,
			);
			name = Main.storyboard;
			sourceTree = "<group>";
		};
		2B4A0D8A29A5DB97000E2448 /* LaunchScreen.storyboard */ = {
			isa = PBXVariantGroup;
			children = (
				2B4A0D8B29A5DB97000E2448 /* Base */,
			);
			name = LaunchScreen.storyboard;
			sourceTree = "<group>";
		};
/* End PBXVariantGroup section */

/* Begin XCBuildConfiguration section */
		2B4A0D8E29A5DB97000E2448 /* Debug */ = {
			isa = XCBuildConfiguration;
			buildSettings = {
				ALWAYS_SEARCH_USER_PATHS = NO;
				CLANG_ANALYZER_NONNULL = YES;
				CLANG_ANALYZER_NUMBER_OBJECT_CONVERSION = YES_AGGRESSIVE;
				CLANG_CXX_LANGUAGE_STANDARD = "gnu++20";
				CLANG_ENABLE_MODULES = YES;
				CLANG_ENABLE_OBJC_ARC = YES;
				CLANG_ENABLE_OBJC_WEAK = YES;
				CLANG_WARN_BLOCK_CAPTURE_AUTORELEASING = YES;
				CLANG_WARN_BOOL_CONVERSION = YES;
				CLANG_WARN_COMMA = YES;
				CLANG_WARN_CONSTANT_CONVERSION = YES;
				CLANG_WARN_DEPRECATED_OBJC_IMPLEMENTATIONS = YES;
				CLANG_WARN_DIRECT_OBJC_ISA_USAGE = YES_ERROR;
				CLANG_WARN_DOCUMENTATION_COMMENTS = YES;
				CLANG_WARN_EMPTY_BODY = YES;
				CLANG_WARN_ENUM_CONVERSION = YES;
				CLANG_WARN_INFINITE_RECURSION = YES;
				CLANG_WARN_INT_CONVERSION = YES;
				CLANG_WARN_NON_LITERAL_NULL_CONVERSION = YES;
				CLANG_WARN_OBJC_IMPLICIT_RETAIN_SELF = YES;
				CLANG_WARN_OBJC_LITERAL_CONVERSION = YES;
				CLANG_WARN_OBJC_ROOT_CLASS = YES_ERROR;
				CLANG_WARN_QUOTED_INCLUDE_IN_FRAMEWORK_HEADER = YES;
				CLANG_WARN_RANGE_LOOP_ANALYSIS = YES;
				CLANG_WARN_STRICT_PROTOTYPES = YES;
				CLANG_WARN_SUSPICIOUS_MOVE = YES;
				CLANG_WARN_UNGUARDED_AVAILABILITY = YES_AGGRESSIVE;
				CLANG_WARN_UNREACHABLE_CODE = YES;
				CLANG_WARN__DUPLICATE_METHOD_MATCH = YES;
				COPY_PHASE_STRIP = NO;
				DEBUG_INFORMATION_FORMAT = dwarf;
				ENABLE_STRICT_OBJC_MSGSEND = YES;
				ENABLE_TESTABILITY = YES;
				GCC_C_LANGUAGE_STANDARD = gnu11;
				GCC_DYNAMIC_NO_PIC = NO;
				GCC_NO_COMMON_BLOCKS = YES;
				GCC_OPTIMIZATION_LEVEL = 0;
				GCC_PREPROCESSOR_DEFINITIONS = (
					"DEBUG=1",
					"$(inherited)",
				);
				GCC_WARN_64_TO_32_BIT_CONVERSION = YES;
				GCC_WARN_ABOUT_RETURN_TYPE = YES_ERROR;
				GCC_WARN_UNDECLARED_SELECTOR = YES;
				GCC_WARN_UNINITIALIZED_AUTOS = YES_AGGRESSIVE;
				GCC_WARN_UNUSED_FUNCTION = YES;
				GCC_WARN_UNUSED_VARIABLE = YES;
				IPHONEOS_DEPLOYMENT_TARGET = 16.2;
				MTL_ENABLE_DEBUG_INFO = INCLUDE_SOURCE;
				MTL_FAST_MATH = YES;
				ONLY_ACTIVE_ARCH = YES;
				SDKROOT = iphoneos;
				SWIFT_ACTIVE_COMPILATION_CONDITIONS = DEBUG;
				SWIFT_OPTIMIZATION_LEVEL = "-Onone";
			};
			name = Debug;
		};
		2B4A0D8F29A5DB97000E2448 /* Release */ = {
			isa = XCBuildConfiguration;
			buildSettings = {
				ALWAYS_SEARCH_USER_PATHS = NO;
				CLANG_ANALYZER_NONNULL = YES;
				CLANG_ANALYZER_NUMBER_OBJECT_CONVERSION = YES_AGGRESSIVE;
				CLANG_CXX_LANGUAGE_STANDARD = "gnu++20";
				CLANG_ENABLE_MODULES = YES;
				CLANG_ENABLE_OBJC_ARC = YES;
				CLANG_ENABLE_OBJC_WEAK = YES;
				CLANG_WARN_BLOCK_CAPTURE_AUTORELEASING = YES;
				CLANG_WARN_BOOL_CONVERSION = YES;
				CLANG_WARN_COMMA = YES;
				CLANG_WARN_CONSTANT_CONVERSION = YES;
				CLANG_WARN_DEPRECATED_OBJC_IMPLEMENTATIONS = YES;
				CLANG_WARN_DIRECT_OBJC_ISA_USAGE = YES_ERROR;
				CLANG_WARN_DOCUMENTATION_COMMENTS = YES;
				CLANG_WARN_EMPTY_BODY = YES;
				CLANG_WARN_ENUM_CONVERSION = YES;
				CLANG_WARN_INFINITE_RECURSION = YES;
				CLANG_WARN_INT_CONVERSION = YES;
				CLANG_WARN_NON_LITERAL_NULL_CONVERSION = YES;
				CLANG_WARN_OBJC_IMPLICIT_RETAIN_SELF = YES;
				CLANG_WARN_OBJC_LITERAL_CONVERSION = YES;
				CLANG_WARN_OBJC_ROOT_CLASS = YES_ERROR;
				CLANG_WARN_QUOTED_INCLUDE_IN_FRAMEWORK_HEADER = YES;
				CLANG_WARN_RANGE_LOOP_ANALYSIS = YES;
				CLANG_WARN_STRICT_PROTOTYPES = YES;
				CLANG_WARN_SUSPICIOUS_MOVE = YES;
				CLANG_WARN_UNGUARDED_AVAILABILITY = YES_AGGRESSIVE;
				CLANG_WARN_UNREACHABLE_CODE = YES;
				CLANG_WARN__DUPLICATE_METHOD_MATCH = YES;
				COPY_PHASE_STRIP = NO;
				DEBUG_INFORMATION_FORMAT = "dwarf-with-dsym";
				ENABLE_NS_ASSERTIONS = NO;
				ENABLE_STRICT_OBJC_MSGSEND = YES;
				GCC_C_LANGUAGE_STANDARD = gnu11;
				GCC_NO_COMMON_BLOCKS = YES;
				GCC_WARN_64_TO_32_BIT_CONVERSION = YES;
				GCC_WARN_ABOUT_RETURN_TYPE = YES_ERROR;
				GCC_WARN_UNDECLARED_SELECTOR = YES;
				GCC_WARN_UNINITIALIZED_AUTOS = YES_AGGRESSIVE;
				GCC_WARN_UNUSED_FUNCTION = YES;
				GCC_WARN_UNUSED_VARIABLE = YES;
				IPHONEOS_DEPLOYMENT_TARGET = 16.2;
				MTL_ENABLE_DEBUG_INFO = NO;
				MTL_FAST_MATH = YES;
				SDKROOT = iphoneos;
				SWIFT_COMPILATION_MODE = wholemodule;
				SWIFT_OPTIMIZATION_LEVEL = "-O";
				VALIDATE_PRODUCT = YES;
			};
			name = Release;
		};
		2B4A0D9129A5DB97000E2448 /* Debug */ = {
			isa = XCBuildConfiguration;
			buildSettings = {
				ASSETCATALOG_COMPILER_APPICON_NAME = AppIcon;
				ASSETCATALOG_COMPILER_GLOBAL_ACCENT_COLOR_NAME = AccentColor;
				CODE_SIGN_STYLE = Automatic;
				CURRENT_PROJECT_VERSION = 123;
				DEVELOPMENT_TEAM = R8EMKFHGH9;
				GENERATE_INFOPLIST_FILE = YES;
				INFOPLIST_FILE = TMSDemo/Info.plist;
				INFOPLIST_KEY_NSLocalNetworkUsageDescription = "To connect scanners with the middleware";
				INFOPLIST_KEY_UIApplicationSupportsIndirectInputEvents = YES;
				INFOPLIST_KEY_UILaunchStoryboardName = LaunchScreen;
				INFOPLIST_KEY_UIMainStoryboardFile = Main;
				INFOPLIST_KEY_UISupportedInterfaceOrientations_iPad = "UIInterfaceOrientationPortrait UIInterfaceOrientationPortraitUpsideDown UIInterfaceOrientationLandscapeLeft UIInterfaceOrientationLandscapeRight";
				INFOPLIST_KEY_UISupportedInterfaceOrientations_iPhone = "UIInterfaceOrientationPortrait UIInterfaceOrientationLandscapeLeft UIInterfaceOrientationLandscapeRight";
				IPHONEOS_DEPLOYMENT_TARGET = 15.6;
				LD_RUNPATH_SEARCH_PATHS = (
					"$(inherited)",
					"@executable_path/Frameworks",
				);
				MARKETING_VERSION = 1.1;
				PRODUCT_BUNDLE_IDENTIFIER = com.tiket.design;
				PRODUCT_NAME = "$(TARGET_NAME)";
				SUPPORTED_PLATFORMS = "iphoneos iphonesimulator";
				SUPPORTS_MACCATALYST = NO;
				SUPPORTS_MAC_DESIGNED_FOR_IPHONE_IPAD = NO;
				SWIFT_EMIT_LOC_STRINGS = YES;
				SWIFT_VERSION = 5.0;
				TARGETED_DEVICE_FAMILY = "1,2";
			};
			name = Debug;
		};
		2B4A0D9229A5DB97000E2448 /* Release */ = {
			isa = XCBuildConfiguration;
			buildSettings = {
				ASSETCATALOG_COMPILER_APPICON_NAME = AppIcon;
				ASSETCATALOG_COMPILER_GLOBAL_ACCENT_COLOR_NAME = AccentColor;
				CODE_SIGN_STYLE = Automatic;
				CURRENT_PROJECT_VERSION = 123;
				DEVELOPMENT_TEAM = R8EMKFHGH9;
				GENERATE_INFOPLIST_FILE = YES;
				INFOPLIST_FILE = TMSDemo/Info.plist;
				INFOPLIST_KEY_NSLocalNetworkUsageDescription = "To connect scanners with the middleware";
				INFOPLIST_KEY_UIApplicationSupportsIndirectInputEvents = YES;
				INFOPLIST_KEY_UILaunchStoryboardName = LaunchScreen;
				INFOPLIST_KEY_UIMainStoryboardFile = Main;
				INFOPLIST_KEY_UISupportedInterfaceOrientations_iPad = "UIInterfaceOrientationPortrait UIInterfaceOrientationPortraitUpsideDown UIInterfaceOrientationLandscapeLeft UIInterfaceOrientationLandscapeRight";
				INFOPLIST_KEY_UISupportedInterfaceOrientations_iPhone = "UIInterfaceOrientationPortrait UIInterfaceOrientationLandscapeLeft UIInterfaceOrientationLandscapeRight";
				IPHONEOS_DEPLOYMENT_TARGET = 15.6;
				LD_RUNPATH_SEARCH_PATHS = (
					"$(inherited)",
					"@executable_path/Frameworks",
				);
				MARKETING_VERSION = 1.1;
				PRODUCT_BUNDLE_IDENTIFIER = com.tiket.design;
				PRODUCT_NAME = "$(TARGET_NAME)";
				SUPPORTED_PLATFORMS = "iphoneos iphonesimulator";
				SUPPORTS_MACCATALYST = NO;
				SUPPORTS_MAC_DESIGNED_FOR_IPHONE_IPAD = NO;
				SWIFT_EMIT_LOC_STRINGS = YES;
				SWIFT_VERSION = 5.0;
				TARGETED_DEVICE_FAMILY = "1,2";
			};
			name = Release;
		};
/* End XCBuildConfiguration section */

/* Begin XCConfigurationList section */
		2B4A0D7729A5DB94000E2448 /* Build configuration list for PBXProject "TMSDemo" */ = {
			isa = XCConfigurationList;
			buildConfigurations = (
				2B4A0D8E29A5DB97000E2448 /* Debug */,
				2B4A0D8F29A5DB97000E2448 /* Release */,
			);
			defaultConfigurationIsVisible = 0;
			defaultConfigurationName = Release;
		};
		2B4A0D9029A5DB97000E2448 /* Build configuration list for PBXNativeTarget "TMSDemo" */ = {
			isa = XCConfigurationList;
			buildConfigurations = (
				2B4A0D9129A5DB97000E2448 /* Debug */,
				2B4A0D9229A5DB97000E2448 /* Release */,
			);
			defaultConfigurationIsVisible = 0;
			defaultConfigurationName = Release;
		};
/* End XCConfigurationList section */
	};
	rootObject = 2B4A0D7429A5DB94000E2448 /* Project object */;
}
