{
  "pins" : [
    {
      "identity" : "cocoaasyncsocket",
      "kind" : "remoteSourceControl",
      "location" : "https://github.com/robbiehanson/CocoaAsyncSocket.git",
      "state" : {
        "revision" : "dbdc00669c1ced63b27c3c5f052ee4d28f10150c",
        "version" : "7.6.5"
      }
    },
    {
      "identity" : "httpparserc",
      "kind" : "remoteSourceControl",
      "location" : "https://github.com/Building42/HTTPParserC.git",
      "state" : {
        "revision" : "75f12587ccf3296827d3f97e2a69a5865acc4d98",
        "version" : "2.9.4"
      }
    },
    {
      "identity" : "swifter",
      "kind" : "remoteSourceControl",
      "location" : "https://github.com/httpswift/swifter.git",
      "state" : {
        "revision" : "9483a5d459b45c3ffd059f7b55f9638e268632fd",
        "version" : "1.5.0"
      }
    },
    {
      "identity" : "telegraph",
      "kind" : "remoteSourceControl",
      "location" : "https://github.com/Building42/Telegraph.git",
      "state" : {
        "revision" : "94b4a4b2d4466cba9fc08c93f6ff365b8124a81c",
        "version" : "0.30.0"
      }
    }
  ],
  "version" : 2
}
